
Microsoft Visual Studio Solution File, Format Version 12.00
# Visual Studio Version 17
VisualStudioVersion = 17.13.35806.99 d17.13
MinimumVisualStudioVersion = 10.0.40219.1
Project("{FAE04EC0-301F-11D3-BF4B-00C04F79EFBC}") = "Laboratories AY3", "Laboratories AY3\Laboratories AY3.csproj", "{489EB7F6-5DEC-4AD6-B60B-F3ADE86FADB3}"
EndProject
Project("{FAE04EC0-301F-11D3-BF4B-00C04F79EFBC}") = "Lab01.01", "Lab01.01\Lab01.01.csproj", "{2F33DCD4-76BB-4B5A-8408-703100076933}"
EndProject
Project("{FAE04EC0-301F-11D3-BF4B-00C04F79EFBC}") = "Lab01.02", "Lab01.02\Lab01.02.csproj", "{AE93163F-DD85-4598-A419-A2CAB68D11F7}"
EndProject
Project("{FAE04EC0-301F-11D3-BF4B-00C04F79EFBC}") = "RectangleTestsForLab0102", "RectangleTestsForLab0102\RectangleTestsForLab0102.csproj", "{D090AA8E-59D1-4F18-B951-60F458FAC0B4}"
EndProject
Global
	GlobalSection(SolutionConfigurationPlatforms) = preSolution
		Debug|Any CPU = Debug|Any CPU
		Release|Any CPU = Release|Any CPU
	EndGlobalSection
	GlobalSection(ProjectConfigurationPlatforms) = postSolution
		{489EB7F6-5DEC-4AD6-B60B-F3ADE86FADB3}.Debug|Any CPU.ActiveCfg = Debug|Any CPU
		{489EB7F6-5DEC-4AD6-B60B-F3ADE86FADB3}.Debug|Any CPU.Build.0 = Debug|Any CPU
		{489EB7F6-5DEC-4AD6-B60B-F3ADE86FADB3}.Release|Any CPU.ActiveCfg = Release|Any CPU
		{489EB7F6-5DEC-4AD6-B60B-F3ADE86FADB3}.Release|Any CPU.Build.0 = Release|Any CPU
		{2F33DCD4-76BB-4B5A-8408-703100076933}.Debug|Any CPU.ActiveCfg = Debug|Any CPU
		{2F33DCD4-76BB-4B5A-8408-703100076933}.Debug|Any CPU.Build.0 = Debug|Any CPU
		{2F33DCD4-76BB-4B5A-8408-703100076933}.Release|Any CPU.ActiveCfg = Release|Any CPU
		{2F33DCD4-76BB-4B5A-8408-703100076933}.Release|Any CPU.Build.0 = Release|Any CPU
		{AE93163F-DD85-4598-A419-A2CAB68D11F7}.Debug|Any CPU.ActiveCfg = Debug|Any CPU
		{AE93163F-DD85-4598-A419-A2CAB68D11F7}.Debug|Any CPU.Build.0 = Debug|Any CPU
		{AE93163F-DD85-4598-A419-A2CAB68D11F7}.Release|Any CPU.ActiveCfg = Release|Any CPU
		{AE93163F-DD85-4598-A419-A2CAB68D11F7}.Release|Any CPU.Build.0 = Release|Any CPU
		{D090AA8E-59D1-4F18-B951-60F458FAC0B4}.Debug|Any CPU.ActiveCfg = Debug|Any CPU
		{D090AA8E-59D1-4F18-B951-60F458FAC0B4}.Debug|Any CPU.Build.0 = Debug|Any CPU
		{D090AA8E-59D1-4F18-B951-60F458FAC0B4}.Release|Any CPU.ActiveCfg = Release|Any CPU
		{D090AA8E-59D1-4F18-B951-60F458FAC0B4}.Release|Any CPU.Build.0 = Release|Any CPU
	EndGlobalSection
	GlobalSection(SolutionProperties) = preSolution
		HideSolutionNode = FALSE
	EndGlobalSection
	GlobalSection(ExtensibilityGlobals) = postSolution
		SolutionGuid = {19EF7727-FFC4-46E6-9ADB-71BE5EA428AA}
	EndGlobalSection
EndGlobal
